{
  "name": "homeworkjsplatforms",
  "lockfileVersion": 3,
  "requires": true,
  "packages": {
    "": {
      "dependencies": {
        "@dubrovinmikhail/ajs": "^1.0.0"
      }
    },
    "node_modules/@dubrovinmikhail/ajs": {
      "version": "1.0.0",
      "resolved": "https://npm.pkg.github.com/download/@dubrovinmikhail/ajs/1.0.0/9d1e627d6834775595298a603238d2905e593b10",
      "integrity": "sha512-s90bDxvcPgSp17/ywqIUfuWS7F2A6tnfnyPqRflY2qRuiw24rOe0Uginpk9KwGdHEhzzR6m7OCksY0XtIK3xQQ==",
      "license": "ISC"
    }
  }
}
